# THIS IS AN AUTOGENERATED FILE. DO NOT EDIT THIS FILE DIRECTLY.
# yarn lockfile v1


fast-sort@~3.0.2:
  version "3.0.2"
  resolved "https://registry.yarnpkg.com/fast-sort/-/fast-sort-3.0.2.tgz#98e5d77f85b48932bc4c395e3025b7a26051b6c2"
  integrity sha512-DIKDkHBt+IubEEU44/kEulX3SbIuufEHIhRfw0MCh7f/HLGWmR/Dk7xg2tapT28pVFqnEV1ZDtl6SeViAyVe4Q==

st-utils@~1.8.0:
  version "1.8.0"
  resolved "https://registry.yarnpkg.com/st-utils/-/st-utils-1.8.0.tgz#c1bed5e232d6f4c4fa98493634e5c2c7c7abf244"
  integrity sha512-o41cck3PKnaSO59IFF9XLjMwlJY7n20mshPd7R5Pj1IpOsEzmJj5OR1jXjeI+EoFR6A/xYHZMUa7c/qki53HnA==
  dependencies:
    fast-sort "~3.0.2"
    type-fest "~1.2.0"

tslib@~2.3.0:
  version "2.3.0"
  resolved "https://registry.yarnpkg.com/tslib/-/tslib-2.3.0.tgz#803b8cdab3e12ba581a4ca41c8839bbb0dacb09e"
  integrity sha512-N82ooyxVNm6h1riLCoyS9e3fuJ3AMG2zIZs2Gd1ATcSFjSA23Q0fzjjZeh0jbJvWVDZ0cJT8yaNNaaXHzueNjg==

type-fest@~1.2.0:
  version "1.2.0"
  resolved "https://registry.yarnpkg.com/type-fest/-/type-fest-1.2.0.tgz#4cdf38ef9b047922c26038080cb269752ae359a2"
  integrity sha512-++0N6KyAj0t2webXst0PE0xuXb4Dv3z1Z+4SGzK+j/epeWBZCfkQbkW/ezscZwpinmBQ5wu/l4TqagKSVcAGCA==

type-fest@~1.2.2:
  version "1.2.2"
  resolved "https://registry.yarnpkg.com/type-fest/-/type-fest-1.2.2.tgz#1930bc36b2064f7ab4aa307a6d1b65965199c698"
  integrity sha512-pfkPYCcuV0TJoo/jlsUeWNV8rk7uMU6ocnYNvca1Vu+pyKi8Rl8Zo2scPt9O72gCsXIm+dMxOOWuA3VFDSdzWA==
