# THIS IS AN AUTOGENERATED FILE. DO NOT EDIT THIS FILE DIRECTLY.
# yarn lockfile v1


fast-sort@~3.0.2:
  version "3.0.2"
  resolved "https://registry.yarnpkg.com/fast-sort/-/fast-sort-3.0.2.tgz#98e5d77f85b48932bc4c395e3025b7a26051b6c2"
  integrity sha512-DIKDkHBt+IubEEU44/kEulX3SbIuufEHIhRfw0MCh7f/HLGWmR/Dk7xg2tapT28pVFqnEV1ZDtl6SeViAyVe4Q==

st-utils@~1.7.0:
  version "1.7.0"
  resolved "https://registry.yarnpkg.com/st-utils/-/st-utils-1.7.0.tgz#79b8c827876176a1ec4c416f2ca3586afefdae27"
  integrity sha512-T7QRg/R6omAB50BIjk6Fy/oIHquB+2S8HLL+j+f7NTnbcZOWxWVur1CRjQkDmK3JsSc2cWqblAHq/DR2N/kpEw==
  dependencies:
    fast-sort "~3.0.2"
    type-fest "~1.0.2"

tslib@~2.2.0:
  version "2.2.0"
  resolved "https://registry.yarnpkg.com/tslib/-/tslib-2.2.0.tgz#fb2c475977e35e241311ede2693cee1ec6698f5c"
  integrity sha512-gS9GVHRU+RGn5KQM2rllAlR3dU6m7AcpJKdtH8gFvQiC4Otgk98XnmMU+nZenHt/+VhnBPWwgrJsyrdcw6i23w==

type-fest@~1.0.2:
  version "1.0.2"
  resolved "https://registry.yarnpkg.com/type-fest/-/type-fest-1.0.2.tgz#3f9c39982859f385c77c38b7e5f1432b8a3661c6"
  integrity sha512-a720oz3Kjbp3ll0zkeN9qjRhO7I34MKMhPGQiQJAmaZQZQ1lo+NWThK322f7sXV+kTg9B1Ybt16KgBXWgteT8w==
