# THIS IS AN AUTOGENERATED FILE. DO NOT EDIT THIS FILE DIRECTLY.
# yarn lockfile v1


"@types/underscore@^1.10.0":
  version "1.10.0"
  resolved "https://registry.yarnpkg.com/@types/underscore/-/underscore-1.10.0.tgz#5cb0dff2a5f616fc8e0c61b482bf01fa20a03cec"
  integrity sha512-ZAbqul7QAKpM2h1PFGa5ETN27ulmqtj0QviYHasw9LffvXZvVHuraOx/FOsIPPDNGZN0Qo1nASxxSfMYOtSoCw==

is-what@^3.8.0:
  version "3.8.0"
  resolved "https://registry.yarnpkg.com/is-what/-/is-what-3.8.0.tgz#610bc46a524355f2424eb85eedc6ebbbf7e1ff8c"
  integrity sha512-UKeBoQfV8bjlM4pmx1FLDHdxslW/1mTksEs8ReVsilPmUv5cORd4+2/wFcviI3cUjrLybxCjzc8DnodAzJ/Wrg==

underscore@^1.10.2:
  version "1.10.2"
  resolved "https://registry.yarnpkg.com/underscore/-/underscore-1.10.2.tgz#73d6aa3668f3188e4adb0f1943bd12cfd7efaaaf"
  integrity sha512-N4P+Q/BuyuEKFJ43B9gYuOj4TQUHXX+j2FqguVOpjkssLUUrnJofCcBccJSCoeturDoZU6GorDTHSvUDlSQbTg==
