# THIS IS AN AUTOGENERATED FILE. DO NOT EDIT THIS FILE DIRECTLY.
# yarn lockfile v1


"@types/lodash@^4.14.152":
  version "4.14.152"
  resolved "https://registry.yarnpkg.com/@types/lodash/-/lodash-4.14.152.tgz#7e7679250adce14e749304cdb570969f77ec997c"
  integrity sha512-Vwf9YF2x1GE3WNeUMjT5bTHa2DqgUo87ocdgTScupY2JclZ5Nn7W2RLM/N0+oreexUk8uaVugR81NnTY/jNNXg==

copy-anything@^2.0.1:
  version "2.0.1"
  resolved "https://registry.yarnpkg.com/copy-anything/-/copy-anything-2.0.1.tgz#2afbce6da684bdfcbec93752fa762819cb480d9a"
  integrity sha512-lA57e7viQHOdPQcrytv5jFeudZZOXuyk47lZym279FiDQ8jeZomXiGuVf6ffMKkJ+3TIai3J1J3yi6M+/4U35g==
  dependencies:
    is-what "^3.7.1"

is-what@^3.7.1, is-what@^3.8.0:
  version "3.8.0"
  resolved "https://registry.yarnpkg.com/is-what/-/is-what-3.8.0.tgz#610bc46a524355f2424eb85eedc6ebbbf7e1ff8c"
  integrity sha512-UKeBoQfV8bjlM4pmx1FLDHdxslW/1mTksEs8ReVsilPmUv5cORd4+2/wFcviI3cUjrLybxCjzc8DnodAzJ/Wrg==

lodash@^4.17.15:
  version "4.17.15"
  resolved "https://registry.yarnpkg.com/lodash/-/lodash-4.17.15.tgz#b447f6670a0455bbfeedd11392eff330ea097548"
  integrity sha512-8xOcRHvCjnocdS5cpwXQXVzmmh5e5+saE2QGoeQmbKmRS6J3VQppPOIt0MnmE+4xlZoumy0GPG0D0MVIQbNA1A==

merge-anything@^3.0.3:
  version "3.0.3"
  resolved "https://registry.yarnpkg.com/merge-anything/-/merge-anything-3.0.3.tgz#1bab47eec001c31b4fcd599de8b29f58fe670acf"
  integrity sha512-TdUB4lH/CTk28Vuh93QcN/e8BUlEr5m1P3AcNONCWlIEgCPF4y5m2KPXro/1e9sO/Z7jGex80QZ93Xoyr1mYjQ==
  dependencies:
    is-what "^3.7.1"
    ts-toolbelt "^6.3.6"

ts-toolbelt@^6.3.6:
  version "6.8.9"
  resolved "https://registry.yarnpkg.com/ts-toolbelt/-/ts-toolbelt-6.8.9.tgz#e290b433ffdaa7114345103bece34a49753e6978"
  integrity sha512-H0SkumcqG7uyoYYU/0dZYJIVGainU332XJFtXCIKx3uMBJ6/VlSjqTo1U0xs432D9PneUkWsXSX+BpfMD+R4IA==
