# THIS IS AN AUTOGENERATED FILE. DO NOT EDIT THIS FILE DIRECTLY.
# yarn lockfile v1


copy-anything@~2.0.3:
  version "2.0.3"
  resolved "https://registry.yarnpkg.com/copy-anything/-/copy-anything-2.0.3.tgz#842407ba02466b0df844819bbe3baebbe5d45d87"
  integrity sha512-GK6QUtisv4fNS+XcI7shX0Gx9ORg7QqIznyfho79JTnX1XhLiyZHfftvGiziqzRiEi/Bjhgpi+D2o7HxJFPnDQ==
  dependencies:
    is-what "^3.12.0"

fast-sort@~3.0.2:
  version "3.0.2"
  resolved "https://registry.yarnpkg.com/fast-sort/-/fast-sort-3.0.2.tgz#98e5d77f85b48932bc4c395e3025b7a26051b6c2"
  integrity sha512-DIKDkHBt+IubEEU44/kEulX3SbIuufEHIhRfw0MCh7f/HLGWmR/Dk7xg2tapT28pVFqnEV1ZDtl6SeViAyVe4Q==

is-what@^3.12.0:
  version "3.12.0"
  resolved "https://registry.yarnpkg.com/is-what/-/is-what-3.12.0.tgz#f4405ce4bd6dd420d3ced51a026fb90e03705e55"
  integrity sha512-2ilQz5/f/o9V7WRWJQmpFYNmQFZ9iM+OXRonZKcYgTkCzjb949Vi4h282PD1UfmgHk666rcWonbRJ++KI41VGw==

st-utils@~2.1.1:
  version "2.1.1"
  resolved "https://registry.yarnpkg.com/st-utils/-/st-utils-2.1.1.tgz#b51c10496179cf292481b0a0a4b8df8b69483913"
  integrity sha512-LLbHcAr0xR74RVDKB2bJPSCoq6K76dcyu0EHuymp0HcVgqLWsTnlVaRdW0Y7uVQqlYif4duLYkOZCmBD0naUtQ==
  dependencies:
    fast-sort "~3.0.2"
    type-fest "~2.0.0"

tslib@~2.3.1:
  version "2.3.1"
  resolved "https://registry.yarnpkg.com/tslib/-/tslib-2.3.1.tgz#e8a335add5ceae51aa261d32a490158ef042ef01"
  integrity sha512-77EbyPPpMz+FRFRuAFlWMtmgUWGe9UOG2Z25NqCwiIjRhOf5iKGuzSe5P2w1laq+FkRy4p+PCuVkJSGkzTEKVw==

type-fest@~2.0.0:
  version "2.0.0"
  resolved "https://registry.yarnpkg.com/type-fest/-/type-fest-2.0.0.tgz#e9daf5615e89f6d430f34117f88f4ee2cd5a2725"
  integrity sha512-BoEUnckjP9oiudy3KxlGdudtBAdJQ74Wp7dYwVPkUzBn+cVHOsBXh2zD2jLyqgbuJ1KMNriczZCI7lTBA94dFg==
