# THIS IS AN AUTOGENERATED FILE. DO NOT EDIT THIS FILE DIRECTLY.
# yarn lockfile v1


"@stlmpp/utils@~3.2.3":
  version "3.2.3"
  resolved "https://registry.yarnpkg.com/@stlmpp/utils/-/utils-3.2.3.tgz#c878ddad0477560cc70182c8af5bf0935850aacf"
  integrity sha512-LObOfBVcbvtKdZOOcY+AN0SCf1er5iRlsVkPSuNk/3+L4NmRTmYO2kaZkEIqptBJPssJaspXJaPxU6q9S7MSgQ==
  dependencies:
    fast-sort "~2.2.0"
    tslib "~2.0.3"

copy-anything@~2.0.1:
  version "2.0.1"
  resolved "https://registry.yarnpkg.com/copy-anything/-/copy-anything-2.0.1.tgz#2afbce6da684bdfcbec93752fa762819cb480d9a"
  integrity sha512-lA57e7viQHOdPQcrytv5jFeudZZOXuyk47lZym279FiDQ8jeZomXiGuVf6ffMKkJ+3TIai3J1J3yi6M+/4U35g==
  dependencies:
    is-what "^3.7.1"

fast-sort@~2.2.0:
  version "2.2.0"
  resolved "https://registry.yarnpkg.com/fast-sort/-/fast-sort-2.2.0.tgz#20903763531fbcbb41c9df5ab1bf5f2cefc8476a"
  integrity sha512-W7zqnn2zsYoQA87FKmYtgOsbJohOrh7XrtZrCVHN5XZKqTBTv5UG+rSS3+iWbg/nepRQUOu+wnas8BwtK8kiCg==

is-what@^3.7.1:
  version "3.8.0"
  resolved "https://registry.yarnpkg.com/is-what/-/is-what-3.8.0.tgz#610bc46a524355f2424eb85eedc6ebbbf7e1ff8c"
  integrity sha512-UKeBoQfV8bjlM4pmx1FLDHdxslW/1mTksEs8ReVsilPmUv5cORd4+2/wFcviI3cUjrLybxCjzc8DnodAzJ/Wrg==

tslib@~2.0.3:
  version "2.0.3"
  resolved "https://registry.yarnpkg.com/tslib/-/tslib-2.0.3.tgz#8e0741ac45fc0c226e58a17bfc3e64b9bc6ca61c"
  integrity sha512-uZtkfKblCEQtZKBF6EBXVZeQNl82yqtDQdv+eck8u7tdPxjLu2/lp5/uPW+um2tpuxINHWy3GhiccY7QgEaVHQ==
